
Microsoft Visual Studio Solution File, Format Version 12.00
# Visual Studio Version 17
VisualStudioVersion = 17.0.31903.59
MinimumVisualStudioVersion = 10.0.40219.1
Project("{FAE04EC0-301F-11D3-BF4B-00C04F79EFBC}") = "Recruitment.JobService", "Recruitment.JobService\Recruitment.JobService.csproj", "{FB146160-0E19-4CBC-8BD2-5872AB939D95}"
EndProject
Project("{FAE04EC0-301F-11D3-BF4B-00C04F79EFBC}") = "Recruitment.ApplicationService", "Recruitment.ApplicationService\Recruitment.ApplicationService.csproj", "{AB4F1166-0F3E-45A6-93F0-F2344547DFB3}"
EndProject
Project("{FAE04EC0-301F-11D3-BF4B-00C04F79EFBC}") = "Recruitment.NotificationService", "Recruitment.NotificationService\Recruitment.NotificationService.csproj", "{EAC62C6E-8EE8-47D6-9188-BC276D73D467}"
EndProject
Global
	GlobalSection(SolutionConfigurationPlatforms) = preSolution
		Debug|Any CPU = Debug|Any CPU
		Debug|x64 = Debug|x64
		Debug|x86 = Debug|x86
		Release|Any CPU = Release|Any CPU
		Release|x64 = Release|x64
		Release|x86 = Release|x86
	EndGlobalSection
	GlobalSection(ProjectConfigurationPlatforms) = postSolution
		{FB146160-0E19-4CBC-8BD2-5872AB939D95}.Debug|Any CPU.ActiveCfg = Debug|Any CPU
		{FB146160-0E19-4CBC-8BD2-5872AB939D95}.Debug|Any CPU.Build.0 = Debug|Any CPU
		{FB146160-0E19-4CBC-8BD2-5872AB939D95}.Debug|x64.ActiveCfg = Debug|Any CPU
		{FB146160-0E19-4CBC-8BD2-5872AB939D95}.Debug|x64.Build.0 = Debug|Any CPU
		{FB146160-0E19-4CBC-8BD2-5872AB939D95}.Debug|x86.ActiveCfg = Debug|Any CPU
		{FB146160-0E19-4CBC-8BD2-5872AB939D95}.Debug|x86.Build.0 = Debug|Any CPU
		{FB146160-0E19-4CBC-8BD2-5872AB939D95}.Release|Any CPU.ActiveCfg = Release|Any CPU
		{FB146160-0E19-4CBC-8BD2-5872AB939D95}.Release|Any CPU.Build.0 = Release|Any CPU
		{FB146160-0E19-4CBC-8BD2-5872AB939D95}.Release|x64.ActiveCfg = Release|Any CPU
		{FB146160-0E19-4CBC-8BD2-5872AB939D95}.Release|x64.Build.0 = Release|Any CPU
		{FB146160-0E19-4CBC-8BD2-5872AB939D95}.Release|x86.ActiveCfg = Release|Any CPU
		{FB146160-0E19-4CBC-8BD2-5872AB939D95}.Release|x86.Build.0 = Release|Any CPU
		{AB4F1166-0F3E-45A6-93F0-F2344547DFB3}.Debug|Any CPU.ActiveCfg = Debug|Any CPU
		{AB4F1166-0F3E-45A6-93F0-F2344547DFB3}.Debug|Any CPU.Build.0 = Debug|Any CPU
		{AB4F1166-0F3E-45A6-93F0-F2344547DFB3}.Debug|x64.ActiveCfg = Debug|Any CPU
		{AB4F1166-0F3E-45A6-93F0-F2344547DFB3}.Debug|x64.Build.0 = Debug|Any CPU
		{AB4F1166-0F3E-45A6-93F0-F2344547DFB3}.Debug|x86.ActiveCfg = Debug|Any CPU
		{AB4F1166-0F3E-45A6-93F0-F2344547DFB3}.Debug|x86.Build.0 = Debug|Any CPU
		{AB4F1166-0F3E-45A6-93F0-F2344547DFB3}.Release|Any CPU.ActiveCfg = Release|Any CPU
		{AB4F1166-0F3E-45A6-93F0-F2344547DFB3}.Release|Any CPU.Build.0 = Release|Any CPU
		{AB4F1166-0F3E-45A6-93F0-F2344547DFB3}.Release|x64.ActiveCfg = Release|Any CPU
		{AB4F1166-0F3E-45A6-93F0-F2344547DFB3}.Release|x64.Build.0 = Release|Any CPU
		{AB4F1166-0F3E-45A6-93F0-F2344547DFB3}.Release|x86.ActiveCfg = Release|Any CPU
		{AB4F1166-0F3E-45A6-93F0-F2344547DFB3}.Release|x86.Build.0 = Release|Any CPU
		{EAC62C6E-8EE8-47D6-9188-BC276D73D467}.Debug|Any CPU.ActiveCfg = Debug|Any CPU
		{EAC62C6E-8EE8-47D6-9188-BC276D73D467}.Debug|Any CPU.Build.0 = Debug|Any CPU
		{EAC62C6E-8EE8-47D6-9188-BC276D73D467}.Debug|x64.ActiveCfg = Debug|Any CPU
		{EAC62C6E-8EE8-47D6-9188-BC276D73D467}.Debug|x64.Build.0 = Debug|Any CPU
		{EAC62C6E-8EE8-47D6-9188-BC276D73D467}.Debug|x86.ActiveCfg = Debug|Any CPU
		{EAC62C6E-8EE8-47D6-9188-BC276D73D467}.Debug|x86.Build.0 = Debug|Any CPU
		{EAC62C6E-8EE8-47D6-9188-BC276D73D467}.Release|Any CPU.ActiveCfg = Release|Any CPU
		{EAC62C6E-8EE8-47D6-9188-BC276D73D467}.Release|Any CPU.Build.0 = Release|Any CPU
		{EAC62C6E-8EE8-47D6-9188-BC276D73D467}.Release|x64.ActiveCfg = Release|Any CPU
		{EAC62C6E-8EE8-47D6-9188-BC276D73D467}.Release|x64.Build.0 = Release|Any CPU
		{EAC62C6E-8EE8-47D6-9188-BC276D73D467}.Release|x86.ActiveCfg = Release|Any CPU
		{EAC62C6E-8EE8-47D6-9188-BC276D73D467}.Release|x86.Build.0 = Release|Any CPU
	EndGlobalSection
	GlobalSection(SolutionProperties) = preSolution
		HideSolutionNode = FALSE
	EndGlobalSection
EndGlobal
